PODS:
  - ArsdkEngine (1.8.0):
    - GroundSdk (= 1.8.0)
  - DronelinkCore (4.0.0)
  - GroundSdk (1.8.0):
    - SdkCore (= 1.8.0)
  - SdkCore (1.8.0)

DEPENDENCIES:
  - ArsdkEngine (~> 1.8.0)
  - DronelinkCore (from `../../private/dronelink-core-ios`)
  - GroundSdk (~> 1.8.0)
  - SdkCore (~> 1.8.0)

SPEC REPOS:
  trunk:
    - ArsdkEngine
    - GroundSdk
    - SdkCore

EXTERNAL SOURCES:
  DronelinkCore:
    :path: "../../private/dronelink-core-ios"

SPEC CHECKSUMS:
  ArsdkEngine: 793ed2b80f73a2e7fa7c7c06551f7ab425acd1b0
  DronelinkCore: cee4bbf2523fea3ef9c1cfdde92b55b50655f027
  GroundSdk: ecf0c70b94b0c4565a3d9284435d85d61b1718fc
  SdkCore: 41ebb0febd1dbc091368da0cc32ded6d21686fb8

PODFILE CHECKSUM: c1145afd4711b73bf2dbf31893e08ab6fdb4be7b

COCOAPODS: 1.11.2
