PODS:
  - ArsdkEngine (1.7.1):
    - GroundSdk (= 1.7.1)
  - DronelinkCore (2.1.0)
  - GroundSdk (1.7.1):
    - SdkCore (= 1.7.1)
  - SdkCore (1.7.1)

DEPENDENCIES:
  - ArsdkEngine (~> 1.7.1)
  - DronelinkCore (~> 2.1.0)
  - GroundSdk (~> 1.7.1)
  - SdkCore (~> 1.7.1)

SPEC REPOS:
  trunk:
    - ArsdkEngine
    - DronelinkCore
    - GroundSdk
    - SdkCore

SPEC CHECKSUMS:
  ArsdkEngine: 141abda6632f25935253d3f4d2ff5eccd92fffca
  DronelinkCore: cf091ef4591df4c113ce2b21419c8e5eff0bfe40
  GroundSdk: 3b5a38e2039aaef3cd5aee22a543dfbf37376ca6
  SdkCore: 524918831cb24f5443a65974797be6eda76613ec

PODFILE CHECKSUM: 21ab39947e6077cbe617978f952526d7141d4093

COCOAPODS: 1.10.1
